
Microsoft Visual Studio Solution File, Format Version 12.00
# Visual Studio 15
VisualStudioVersion = 15.0.28010.2019
MinimumVisualStudioVersion = 10.0.40219.1
Project("{2150E333-8FDC-42A3-9474-1A3956D46DE8}") = "WebApp", "WebApp", "{99C4E756-8E32-46BB-8BFF-3C0E618C7243}"
EndProject
Project("{9A19103F-16F7-4668-BE54-9A1E7A4F7556}") = "WebApp", "WebApp\WebApp.csproj", "{D5DB0F3F-A226-4F6F-8CEA-6BC08BD95D09}"
EndProject
Project("{2150E333-8FDC-42A3-9474-1A3956D46DE8}") = "DomainModel", "DomainModel", "{A621AF43-2FBF-4353-BB9E-6F0CE4212316}"
EndProject
Project("{2150E333-8FDC-42A3-9474-1A3956D46DE8}") = "Infrastructure", "Infrastructure", "{7B828E58-EA0C-464A-9BFE-8E3017369A0B}"
EndProject
Project("{2150E333-8FDC-42A3-9474-1A3956D46DE8}") = "Repository", "Repository", "{862FE66D-1B69-4C45-B6B9-F1B3F8652913}"
EndProject
Project("{2150E333-8FDC-42A3-9474-1A3956D46DE8}") = "Service", "Service", "{444F5021-146A-423F-94D6-E5453C8EC64E}"
EndProject
Project("{2150E333-8FDC-42A3-9474-1A3956D46DE8}") = "Database", "Database", "{56545A54-5BB7-48BF-8E2F-BD6EA4610FF6}"
EndProject
Project("{9A19103F-16F7-4668-BE54-9A1E7A4F7556}") = "DomainModel", "DomainModel\DomainModel.csproj", "{7A648783-6B11-45C4-9348-F797B817537D}"
EndProject
Project("{9A19103F-16F7-4668-BE54-9A1E7A4F7556}") = "CrossCutting", "CrossCutting\CrossCutting.csproj", "{405C003D-032F-42BC-BF07-B2E2ED1DBE62}"
EndProject
Project("{9A19103F-16F7-4668-BE54-9A1E7A4F7556}") = "DependencyInjecionResolver", "DependencyInjecionResolver\DependencyInjecionResolver.csproj", "{D739D0E1-8BCD-4045-8CA9-C6A936F77513}"
EndProject
Project("{9A19103F-16F7-4668-BE54-9A1E7A4F7556}") = "Repository", "Repository\Repository.csproj", "{5A528045-1081-4BD3-A7AA-DA7B14E3E44E}"
EndProject
Project("{9A19103F-16F7-4668-BE54-9A1E7A4F7556}") = "ServiceConcrete", "ServiceConcrete\ServiceConcrete.csproj", "{BDD1FCEA-CF5C-46BC-AC7E-3441FB168B6A}"
EndProject
Project("{9A19103F-16F7-4668-BE54-9A1E7A4F7556}") = "ServiceInterface", "ServiceInterface\ServiceInterface.csproj", "{F05F187A-432F-453C-A341-0B8780365CB6}"
EndProject
Project("{2150E333-8FDC-42A3-9474-1A3956D46DE8}") = "TestProjects", "TestProjects", "{F74BC3A1-FA78-491A-B352-2E87962C84B5}"
EndProject
Project("{FAE04EC0-301F-11D3-BF4B-00C04F79EFBC}") = "ControllerTest", "ControllerTest\ControllerTest.csproj", "{BD8AD620-B916-4D22-A25B-CF0F167CCF1D}"
EndProject
Project("{2150E333-8FDC-42A3-9474-1A3956D46DE8}") = "EmployeeManage", "EmployeeManage", "{B0ACEFFC-AFF6-4F30-82A2-C8D66ABCF188}"
EndProject
Project("{00D1A9C2-B5F0-4AF3-8072-F6C62B433612}") = "EmployeeManage", "Database\EmployeeManage\EmployeeManage.sqlproj", "{936DBE44-D3EC-45CA-A38B-AD89CBB0C7A3}"
EndProject
Project("{2150E333-8FDC-42A3-9474-1A3956D46DE8}") = "SQLComparator", "SQLComparator", "{6F63C839-2559-4879-9E11-273B76F2FC2A}"
EndProject
Project("{9A19103F-16F7-4668-BE54-9A1E7A4F7556}") = "WebApplication", "WebApplication\WebApplication.csproj", "{ABF11B3C-8BB9-4D38-B14A-A57E58FD4B7A}"
EndProject
Project("{2150E333-8FDC-42A3-9474-1A3956D46DE8}") = "Solution Items", "Solution Items", "{60642129-712E-4D22-9FB2-062EA307C3B6}"
	ProjectSection(SolutionItems) = preProject
		global.json = global.json
	EndProjectSection
EndProject
Project("{2150E333-8FDC-42A3-9474-1A3956D46DE8}") = "NewFolder1", "NewFolder1", "{B62C623A-EA66-4FDE-9011-8F141F1A976B}"
EndProject
Global
	GlobalSection(SolutionConfigurationPlatforms) = preSolution
		Debug|Any CPU = Debug|Any CPU
		Release|Any CPU = Release|Any CPU
	EndGlobalSection
	GlobalSection(ProjectConfigurationPlatforms) = postSolution
		{D5DB0F3F-A226-4F6F-8CEA-6BC08BD95D09}.Debug|Any CPU.ActiveCfg = Debug|Any CPU
		{D5DB0F3F-A226-4F6F-8CEA-6BC08BD95D09}.Debug|Any CPU.Build.0 = Debug|Any CPU
		{D5DB0F3F-A226-4F6F-8CEA-6BC08BD95D09}.Release|Any CPU.ActiveCfg = Release|Any CPU
		{D5DB0F3F-A226-4F6F-8CEA-6BC08BD95D09}.Release|Any CPU.Build.0 = Release|Any CPU
		{7A648783-6B11-45C4-9348-F797B817537D}.Debug|Any CPU.ActiveCfg = Debug|Any CPU
		{7A648783-6B11-45C4-9348-F797B817537D}.Debug|Any CPU.Build.0 = Debug|Any CPU
		{7A648783-6B11-45C4-9348-F797B817537D}.Release|Any CPU.ActiveCfg = Release|Any CPU
		{7A648783-6B11-45C4-9348-F797B817537D}.Release|Any CPU.Build.0 = Release|Any CPU
		{405C003D-032F-42BC-BF07-B2E2ED1DBE62}.Debug|Any CPU.ActiveCfg = Debug|Any CPU
		{405C003D-032F-42BC-BF07-B2E2ED1DBE62}.Debug|Any CPU.Build.0 = Debug|Any CPU
		{405C003D-032F-42BC-BF07-B2E2ED1DBE62}.Release|Any CPU.ActiveCfg = Release|Any CPU
		{405C003D-032F-42BC-BF07-B2E2ED1DBE62}.Release|Any CPU.Build.0 = Release|Any CPU
		{D739D0E1-8BCD-4045-8CA9-C6A936F77513}.Debug|Any CPU.ActiveCfg = Debug|Any CPU
		{D739D0E1-8BCD-4045-8CA9-C6A936F77513}.Debug|Any CPU.Build.0 = Debug|Any CPU
		{D739D0E1-8BCD-4045-8CA9-C6A936F77513}.Release|Any CPU.ActiveCfg = Release|Any CPU
		{D739D0E1-8BCD-4045-8CA9-C6A936F77513}.Release|Any CPU.Build.0 = Release|Any CPU
		{5A528045-1081-4BD3-A7AA-DA7B14E3E44E}.Debug|Any CPU.ActiveCfg = Debug|Any CPU
		{5A528045-1081-4BD3-A7AA-DA7B14E3E44E}.Debug|Any CPU.Build.0 = Debug|Any CPU
		{5A528045-1081-4BD3-A7AA-DA7B14E3E44E}.Release|Any CPU.ActiveCfg = Release|Any CPU
		{5A528045-1081-4BD3-A7AA-DA7B14E3E44E}.Release|Any CPU.Build.0 = Release|Any CPU
		{BDD1FCEA-CF5C-46BC-AC7E-3441FB168B6A}.Debug|Any CPU.ActiveCfg = Debug|Any CPU
		{BDD1FCEA-CF5C-46BC-AC7E-3441FB168B6A}.Debug|Any CPU.Build.0 = Debug|Any CPU
		{BDD1FCEA-CF5C-46BC-AC7E-3441FB168B6A}.Release|Any CPU.ActiveCfg = Release|Any CPU
		{BDD1FCEA-CF5C-46BC-AC7E-3441FB168B6A}.Release|Any CPU.Build.0 = Release|Any CPU
		{F05F187A-432F-453C-A341-0B8780365CB6}.Debug|Any CPU.ActiveCfg = Debug|Any CPU
		{F05F187A-432F-453C-A341-0B8780365CB6}.Debug|Any CPU.Build.0 = Debug|Any CPU
		{F05F187A-432F-453C-A341-0B8780365CB6}.Release|Any CPU.ActiveCfg = Release|Any CPU
		{F05F187A-432F-453C-A341-0B8780365CB6}.Release|Any CPU.Build.0 = Release|Any CPU
		{BD8AD620-B916-4D22-A25B-CF0F167CCF1D}.Debug|Any CPU.ActiveCfg = Debug|Any CPU
		{BD8AD620-B916-4D22-A25B-CF0F167CCF1D}.Debug|Any CPU.Build.0 = Debug|Any CPU
		{BD8AD620-B916-4D22-A25B-CF0F167CCF1D}.Release|Any CPU.ActiveCfg = Release|Any CPU
		{BD8AD620-B916-4D22-A25B-CF0F167CCF1D}.Release|Any CPU.Build.0 = Release|Any CPU
		{936DBE44-D3EC-45CA-A38B-AD89CBB0C7A3}.Debug|Any CPU.ActiveCfg = Debug|Any CPU
		{936DBE44-D3EC-45CA-A38B-AD89CBB0C7A3}.Debug|Any CPU.Build.0 = Debug|Any CPU
		{936DBE44-D3EC-45CA-A38B-AD89CBB0C7A3}.Debug|Any CPU.Deploy.0 = Debug|Any CPU
		{936DBE44-D3EC-45CA-A38B-AD89CBB0C7A3}.Release|Any CPU.ActiveCfg = Release|Any CPU
		{936DBE44-D3EC-45CA-A38B-AD89CBB0C7A3}.Release|Any CPU.Build.0 = Release|Any CPU
		{936DBE44-D3EC-45CA-A38B-AD89CBB0C7A3}.Release|Any CPU.Deploy.0 = Release|Any CPU
		{ABF11B3C-8BB9-4D38-B14A-A57E58FD4B7A}.Debug|Any CPU.ActiveCfg = Debug|Any CPU
		{ABF11B3C-8BB9-4D38-B14A-A57E58FD4B7A}.Debug|Any CPU.Build.0 = Debug|Any CPU
		{ABF11B3C-8BB9-4D38-B14A-A57E58FD4B7A}.Release|Any CPU.ActiveCfg = Release|Any CPU
		{ABF11B3C-8BB9-4D38-B14A-A57E58FD4B7A}.Release|Any CPU.Build.0 = Release|Any CPU
	EndGlobalSection
	GlobalSection(SolutionProperties) = preSolution
		HideSolutionNode = FALSE
	EndGlobalSection
	GlobalSection(NestedProjects) = preSolution
		{D5DB0F3F-A226-4F6F-8CEA-6BC08BD95D09} = {99C4E756-8E32-46BB-8BFF-3C0E618C7243}
		{7A648783-6B11-45C4-9348-F797B817537D} = {A621AF43-2FBF-4353-BB9E-6F0CE4212316}
		{405C003D-032F-42BC-BF07-B2E2ED1DBE62} = {7B828E58-EA0C-464A-9BFE-8E3017369A0B}
		{D739D0E1-8BCD-4045-8CA9-C6A936F77513} = {7B828E58-EA0C-464A-9BFE-8E3017369A0B}
		{5A528045-1081-4BD3-A7AA-DA7B14E3E44E} = {862FE66D-1B69-4C45-B6B9-F1B3F8652913}
		{BDD1FCEA-CF5C-46BC-AC7E-3441FB168B6A} = {444F5021-146A-423F-94D6-E5453C8EC64E}
		{F05F187A-432F-453C-A341-0B8780365CB6} = {444F5021-146A-423F-94D6-E5453C8EC64E}
		{BD8AD620-B916-4D22-A25B-CF0F167CCF1D} = {F74BC3A1-FA78-491A-B352-2E87962C84B5}
		{B0ACEFFC-AFF6-4F30-82A2-C8D66ABCF188} = {56545A54-5BB7-48BF-8E2F-BD6EA4610FF6}
		{936DBE44-D3EC-45CA-A38B-AD89CBB0C7A3} = {B0ACEFFC-AFF6-4F30-82A2-C8D66ABCF188}
		{6F63C839-2559-4879-9E11-273B76F2FC2A} = {B0ACEFFC-AFF6-4F30-82A2-C8D66ABCF188}
		{ABF11B3C-8BB9-4D38-B14A-A57E58FD4B7A} = {99C4E756-8E32-46BB-8BFF-3C0E618C7243}
		{60642129-712E-4D22-9FB2-062EA307C3B6} = {99C4E756-8E32-46BB-8BFF-3C0E618C7243}
		{B62C623A-EA66-4FDE-9011-8F141F1A976B} = {99C4E756-8E32-46BB-8BFF-3C0E618C7243}
	EndGlobalSection
	GlobalSection(ExtensibilityGlobals) = postSolution
		SolutionGuid = {B8181AF9-2555-4C76-838C-EC684D38EBBB}
	EndGlobalSection
EndGlobal
