
Microsoft Visual Studio Solution File, Format Version 12.00
# Visual Studio 15
VisualStudioVersion = 15.0.28010.2019
MinimumVisualStudioVersion = 10.0.40219.1
Project("{2150E333-8FDC-42A3-9474-1A3956D46DE8}") = "WebApp", "WebApp", "{99C4E756-8E32-46BB-8BFF-3C0E618C7243}"
EndProject
Project("{2150E333-8FDC-42A3-9474-1A3956D46DE8}") = "DomainModel", "DomainModel", "{A621AF43-2FBF-4353-BB9E-6F0CE4212316}"
EndProject
Project("{2150E333-8FDC-42A3-9474-1A3956D46DE8}") = "Infrastructure", "Infrastructure", "{7B828E58-EA0C-464A-9BFE-8E3017369A0B}"
EndProject
Project("{2150E333-8FDC-42A3-9474-1A3956D46DE8}") = "Repository", "Repository", "{862FE66D-1B69-4C45-B6B9-F1B3F8652913}"
EndProject
Project("{2150E333-8FDC-42A3-9474-1A3956D46DE8}") = "Service", "Service", "{444F5021-146A-423F-94D6-E5453C8EC64E}"
EndProject
Project("{2150E333-8FDC-42A3-9474-1A3956D46DE8}") = "Database", "Database", "{56545A54-5BB7-48BF-8E2F-BD6EA4610FF6}"
EndProject
Project("{9A19103F-16F7-4668-BE54-9A1E7A4F7556}") = "DomainModel", "DomainModel\DomainModel.csproj", "{7A648783-6B11-45C4-9348-F797B817537D}"
EndProject
Project("{9A19103F-16F7-4668-BE54-9A1E7A4F7556}") = "CrossCutting", "CrossCutting\CrossCutting.csproj", "{405C003D-032F-42BC-BF07-B2E2ED1DBE62}"
EndProject
Project("{9A19103F-16F7-4668-BE54-9A1E7A4F7556}") = "DependencyInjecionResolver", "DependencyInjecionResolver\DependencyInjecionResolver.csproj", "{D739D0E1-8BCD-4045-8CA9-C6A936F77513}"
EndProject
Project("{9A19103F-16F7-4668-BE54-9A1E7A4F7556}") = "Repository", "Repository\Repository.csproj", "{5A528045-1081-4BD3-A7AA-DA7B14E3E44E}"
EndProject
Project("{9A19103F-16F7-4668-BE54-9A1E7A4F7556}") = "ServiceConcrete", "ServiceConcrete\ServiceConcrete.csproj", "{BDD1FCEA-CF5C-46BC-AC7E-3441FB168B6A}"
EndProject
Project("{9A19103F-16F7-4668-BE54-9A1E7A4F7556}") = "ServiceInterface", "ServiceInterface\ServiceInterface.csproj", "{F05F187A-432F-453C-A341-0B8780365CB6}"
EndProject
Project("{2150E333-8FDC-42A3-9474-1A3956D46DE8}") = "TestProjects", "TestProjects", "{F74BC3A1-FA78-491A-B352-2E87962C84B5}"
EndProject
Project("{FAE04EC0-301F-11D3-BF4B-00C04F79EFBC}") = "ControllerTest", "ControllerTest\ControllerTest.csproj", "{BD8AD620-B916-4D22-A25B-CF0F167CCF1D}"
EndProject
Project("{2150E333-8FDC-42A3-9474-1A3956D46DE8}") = "EmployeeManage", "EmployeeManage", "{B0ACEFFC-AFF6-4F30-82A2-C8D66ABCF188}"
EndProject
Project("{00D1A9C2-B5F0-4AF3-8072-F6C62B433612}") = "EmployeeManage", "Database\EmployeeManage\EmployeeManage.sqlproj", "{936DBE44-D3EC-45CA-A38B-AD89CBB0C7A3}"
EndProject
Project("{2150E333-8FDC-42A3-9474-1A3956D46DE8}") = "SQLComparator", "SQLComparator", "{6F63C839-2559-4879-9E11-273B76F2FC2A}"
	ProjectSection(SolutionItems) = preProject
		Database\SQLCompare\LocalToProjectCompare.scmp = Database\SQLCompare\LocalToProjectCompare.scmp
	EndProjectSection
EndProject
Project("{2150E333-8FDC-42A3-9474-1A3956D46DE8}") = "Solution Items", "Solution Items", "{60642129-712E-4D22-9FB2-062EA307C3B6}"
	ProjectSection(SolutionItems) = preProject
		global.json = global.json
	EndProjectSection
EndProject
Project("{9A19103F-16F7-4668-BE54-9A1E7A4F7556}") = "WebAppCore", "WebAppCore\WebAppCore.csproj", "{D8B98B1C-42F4-4608-8D10-20F925880C9E}"
EndProject
Project("{2150E333-8FDC-42A3-9474-1A3956D46DE8}") = "MicroServices", "MicroServices", "{9E9B7FCB-23EE-4CFB-A92C-EA8094CC84D6}"
EndProject
Project("{FAE04EC0-301F-11D3-BF4B-00C04F79EFBC}") = "SendEmail", "SendEmail\SendEmail.csproj", "{F3A21F94-0431-480B-9C4B-E4D49A136C2B}"
EndProject
Project("{9A19103F-16F7-4668-BE54-9A1E7A4F7556}") = "MessageContracts", "MessageContracts\MessageContracts.csproj", "{AC8A977D-E51E-49A4-9A53-BE69CAC319FA}"
EndProject
Project("{FAE04EC0-301F-11D3-BF4B-00C04F79EFBC}") = "ServiceMonitor", "ServiceMonitor\ServiceMonitor.csproj", "{8CD6C33B-8164-40C0-83E8-9D5D920BFD9D}"
EndProject
Project("{FAE04EC0-301F-11D3-BF4B-00C04F79EFBC}") = "SignalR", "SignalR\SignalR.csproj", "{D104BF33-6BDA-42A4-A3B3-40095341CD0B}"
EndProject
Project("{FAE04EC0-301F-11D3-BF4B-00C04F79EFBC}") = "SendEmailService", "SendEmailService\SendEmailService.csproj", "{A0014F65-DACD-4F2A-8BCC-BAD76BBCFE81}"
EndProject
Global
	GlobalSection(SolutionConfigurationPlatforms) = preSolution
		Debug|Any CPU = Debug|Any CPU
		Release|Any CPU = Release|Any CPU
	EndGlobalSection
	GlobalSection(ProjectConfigurationPlatforms) = postSolution
		{7A648783-6B11-45C4-9348-F797B817537D}.Debug|Any CPU.ActiveCfg = Debug|Any CPU
		{7A648783-6B11-45C4-9348-F797B817537D}.Debug|Any CPU.Build.0 = Debug|Any CPU
		{7A648783-6B11-45C4-9348-F797B817537D}.Release|Any CPU.ActiveCfg = Release|Any CPU
		{7A648783-6B11-45C4-9348-F797B817537D}.Release|Any CPU.Build.0 = Release|Any CPU
		{405C003D-032F-42BC-BF07-B2E2ED1DBE62}.Debug|Any CPU.ActiveCfg = Debug|Any CPU
		{405C003D-032F-42BC-BF07-B2E2ED1DBE62}.Debug|Any CPU.Build.0 = Debug|Any CPU
		{405C003D-032F-42BC-BF07-B2E2ED1DBE62}.Release|Any CPU.ActiveCfg = Release|Any CPU
		{405C003D-032F-42BC-BF07-B2E2ED1DBE62}.Release|Any CPU.Build.0 = Release|Any CPU
		{D739D0E1-8BCD-4045-8CA9-C6A936F77513}.Debug|Any CPU.ActiveCfg = Debug|Any CPU
		{D739D0E1-8BCD-4045-8CA9-C6A936F77513}.Debug|Any CPU.Build.0 = Debug|Any CPU
		{D739D0E1-8BCD-4045-8CA9-C6A936F77513}.Release|Any CPU.ActiveCfg = Release|Any CPU
		{D739D0E1-8BCD-4045-8CA9-C6A936F77513}.Release|Any CPU.Build.0 = Release|Any CPU
		{5A528045-1081-4BD3-A7AA-DA7B14E3E44E}.Debug|Any CPU.ActiveCfg = Debug|Any CPU
		{5A528045-1081-4BD3-A7AA-DA7B14E3E44E}.Debug|Any CPU.Build.0 = Debug|Any CPU
		{5A528045-1081-4BD3-A7AA-DA7B14E3E44E}.Release|Any CPU.ActiveCfg = Release|Any CPU
		{5A528045-1081-4BD3-A7AA-DA7B14E3E44E}.Release|Any CPU.Build.0 = Release|Any CPU
		{BDD1FCEA-CF5C-46BC-AC7E-3441FB168B6A}.Debug|Any CPU.ActiveCfg = Debug|Any CPU
		{BDD1FCEA-CF5C-46BC-AC7E-3441FB168B6A}.Debug|Any CPU.Build.0 = Debug|Any CPU
		{BDD1FCEA-CF5C-46BC-AC7E-3441FB168B6A}.Release|Any CPU.ActiveCfg = Release|Any CPU
		{BDD1FCEA-CF5C-46BC-AC7E-3441FB168B6A}.Release|Any CPU.Build.0 = Release|Any CPU
		{F05F187A-432F-453C-A341-0B8780365CB6}.Debug|Any CPU.ActiveCfg = Debug|Any CPU
		{F05F187A-432F-453C-A341-0B8780365CB6}.Debug|Any CPU.Build.0 = Debug|Any CPU
		{F05F187A-432F-453C-A341-0B8780365CB6}.Release|Any CPU.ActiveCfg = Release|Any CPU
		{F05F187A-432F-453C-A341-0B8780365CB6}.Release|Any CPU.Build.0 = Release|Any CPU
		{BD8AD620-B916-4D22-A25B-CF0F167CCF1D}.Debug|Any CPU.ActiveCfg = Debug|Any CPU
		{BD8AD620-B916-4D22-A25B-CF0F167CCF1D}.Debug|Any CPU.Build.0 = Debug|Any CPU
		{BD8AD620-B916-4D22-A25B-CF0F167CCF1D}.Release|Any CPU.ActiveCfg = Release|Any CPU
		{BD8AD620-B916-4D22-A25B-CF0F167CCF1D}.Release|Any CPU.Build.0 = Release|Any CPU
		{936DBE44-D3EC-45CA-A38B-AD89CBB0C7A3}.Debug|Any CPU.ActiveCfg = Debug|Any CPU
		{936DBE44-D3EC-45CA-A38B-AD89CBB0C7A3}.Debug|Any CPU.Build.0 = Debug|Any CPU
		{936DBE44-D3EC-45CA-A38B-AD89CBB0C7A3}.Debug|Any CPU.Deploy.0 = Debug|Any CPU
		{936DBE44-D3EC-45CA-A38B-AD89CBB0C7A3}.Release|Any CPU.ActiveCfg = Release|Any CPU
		{936DBE44-D3EC-45CA-A38B-AD89CBB0C7A3}.Release|Any CPU.Build.0 = Release|Any CPU
		{936DBE44-D3EC-45CA-A38B-AD89CBB0C7A3}.Release|Any CPU.Deploy.0 = Release|Any CPU
		{D8B98B1C-42F4-4608-8D10-20F925880C9E}.Debug|Any CPU.ActiveCfg = Debug|Any CPU
		{D8B98B1C-42F4-4608-8D10-20F925880C9E}.Debug|Any CPU.Build.0 = Debug|Any CPU
		{D8B98B1C-42F4-4608-8D10-20F925880C9E}.Release|Any CPU.ActiveCfg = Release|Any CPU
		{D8B98B1C-42F4-4608-8D10-20F925880C9E}.Release|Any CPU.Build.0 = Release|Any CPU
		{F3A21F94-0431-480B-9C4B-E4D49A136C2B}.Debug|Any CPU.ActiveCfg = Debug|Any CPU
		{F3A21F94-0431-480B-9C4B-E4D49A136C2B}.Debug|Any CPU.Build.0 = Debug|Any CPU
		{F3A21F94-0431-480B-9C4B-E4D49A136C2B}.Release|Any CPU.ActiveCfg = Release|Any CPU
		{F3A21F94-0431-480B-9C4B-E4D49A136C2B}.Release|Any CPU.Build.0 = Release|Any CPU
		{AC8A977D-E51E-49A4-9A53-BE69CAC319FA}.Debug|Any CPU.ActiveCfg = Debug|Any CPU
		{AC8A977D-E51E-49A4-9A53-BE69CAC319FA}.Debug|Any CPU.Build.0 = Debug|Any CPU
		{AC8A977D-E51E-49A4-9A53-BE69CAC319FA}.Release|Any CPU.ActiveCfg = Release|Any CPU
		{AC8A977D-E51E-49A4-9A53-BE69CAC319FA}.Release|Any CPU.Build.0 = Release|Any CPU
		{8CD6C33B-8164-40C0-83E8-9D5D920BFD9D}.Debug|Any CPU.ActiveCfg = Debug|Any CPU
		{8CD6C33B-8164-40C0-83E8-9D5D920BFD9D}.Debug|Any CPU.Build.0 = Debug|Any CPU
		{8CD6C33B-8164-40C0-83E8-9D5D920BFD9D}.Release|Any CPU.ActiveCfg = Release|Any CPU
		{8CD6C33B-8164-40C0-83E8-9D5D920BFD9D}.Release|Any CPU.Build.0 = Release|Any CPU
		{D104BF33-6BDA-42A4-A3B3-40095341CD0B}.Debug|Any CPU.ActiveCfg = Debug|Any CPU
		{D104BF33-6BDA-42A4-A3B3-40095341CD0B}.Debug|Any CPU.Build.0 = Debug|Any CPU
		{D104BF33-6BDA-42A4-A3B3-40095341CD0B}.Release|Any CPU.ActiveCfg = Release|Any CPU
		{D104BF33-6BDA-42A4-A3B3-40095341CD0B}.Release|Any CPU.Build.0 = Release|Any CPU
		{A0014F65-DACD-4F2A-8BCC-BAD76BBCFE81}.Debug|Any CPU.ActiveCfg = Debug|Any CPU
		{A0014F65-DACD-4F2A-8BCC-BAD76BBCFE81}.Debug|Any CPU.Build.0 = Debug|Any CPU
		{A0014F65-DACD-4F2A-8BCC-BAD76BBCFE81}.Release|Any CPU.ActiveCfg = Release|Any CPU
		{A0014F65-DACD-4F2A-8BCC-BAD76BBCFE81}.Release|Any CPU.Build.0 = Release|Any CPU
	EndGlobalSection
	GlobalSection(SolutionProperties) = preSolution
		HideSolutionNode = FALSE
	EndGlobalSection
	GlobalSection(NestedProjects) = preSolution
		{7A648783-6B11-45C4-9348-F797B817537D} = {A621AF43-2FBF-4353-BB9E-6F0CE4212316}
		{405C003D-032F-42BC-BF07-B2E2ED1DBE62} = {7B828E58-EA0C-464A-9BFE-8E3017369A0B}
		{D739D0E1-8BCD-4045-8CA9-C6A936F77513} = {7B828E58-EA0C-464A-9BFE-8E3017369A0B}
		{5A528045-1081-4BD3-A7AA-DA7B14E3E44E} = {862FE66D-1B69-4C45-B6B9-F1B3F8652913}
		{BDD1FCEA-CF5C-46BC-AC7E-3441FB168B6A} = {444F5021-146A-423F-94D6-E5453C8EC64E}
		{F05F187A-432F-453C-A341-0B8780365CB6} = {444F5021-146A-423F-94D6-E5453C8EC64E}
		{BD8AD620-B916-4D22-A25B-CF0F167CCF1D} = {F74BC3A1-FA78-491A-B352-2E87962C84B5}
		{B0ACEFFC-AFF6-4F30-82A2-C8D66ABCF188} = {56545A54-5BB7-48BF-8E2F-BD6EA4610FF6}
		{936DBE44-D3EC-45CA-A38B-AD89CBB0C7A3} = {B0ACEFFC-AFF6-4F30-82A2-C8D66ABCF188}
		{6F63C839-2559-4879-9E11-273B76F2FC2A} = {B0ACEFFC-AFF6-4F30-82A2-C8D66ABCF188}
		{60642129-712E-4D22-9FB2-062EA307C3B6} = {99C4E756-8E32-46BB-8BFF-3C0E618C7243}
		{D8B98B1C-42F4-4608-8D10-20F925880C9E} = {99C4E756-8E32-46BB-8BFF-3C0E618C7243}
		{F3A21F94-0431-480B-9C4B-E4D49A136C2B} = {9E9B7FCB-23EE-4CFB-A92C-EA8094CC84D6}
		{AC8A977D-E51E-49A4-9A53-BE69CAC319FA} = {9E9B7FCB-23EE-4CFB-A92C-EA8094CC84D6}
		{8CD6C33B-8164-40C0-83E8-9D5D920BFD9D} = {99C4E756-8E32-46BB-8BFF-3C0E618C7243}
		{D104BF33-6BDA-42A4-A3B3-40095341CD0B} = {99C4E756-8E32-46BB-8BFF-3C0E618C7243}
		{A0014F65-DACD-4F2A-8BCC-BAD76BBCFE81} = {9E9B7FCB-23EE-4CFB-A92C-EA8094CC84D6}
	EndGlobalSection
	GlobalSection(ExtensibilityGlobals) = postSolution
		SolutionGuid = {B8181AF9-2555-4C76-838C-EC684D38EBBB}
	EndGlobalSection
EndGlobal
